
Microsoft Visual Studio Solution File, Format Version 12.00
# Visual Studio Version 17
VisualStudioVersion = 17.11.35303.130
MinimumVisualStudioVersion = 10.0.40219.1
Project("{FAE04EC0-301F-11D3-BF4B-00C04F79EFBC}") = "ApotekaBackend", "ApotekaBackend.csproj", "{8E4B1AA2-2CF9-42EE-95C3-F78096CD7897}"
EndProject
Global
	GlobalSection(SolutionConfigurationPlatforms) = preSolution
		Debug|Any CPU = Debug|Any CPU
		Release|Any CPU = Release|Any CPU
	EndGlobalSection
	GlobalSection(ProjectConfigurationPlatforms) = postSolution
		{8E4B1AA2-2CF9-42EE-95C3-F78096CD7897}.Debug|Any CPU.ActiveCfg = Debug|Any CPU
		{8E4B1AA2-2CF9-42EE-95C3-F78096CD7897}.Debug|Any CPU.Build.0 = Debug|Any CPU
		{8E4B1AA2-2CF9-42EE-95C3-F78096CD7897}.Release|Any CPU.ActiveCfg = Release|Any CPU
		{8E4B1AA2-2CF9-42EE-95C3-F78096CD7897}.Release|Any CPU.Build.0 = Release|Any CPU
	EndGlobalSection
	GlobalSection(SolutionProperties) = preSolution
		HideSolutionNode = FALSE
	EndGlobalSection
	GlobalSection(ExtensibilityGlobals) = postSolution
		SolutionGuid = {D0CE7624-A7E0-4D3A-BC64-D5E376F1187A}
	EndGlobalSection
EndGlobal
